
Microsoft Visual Studio Solution File, Format Version 12.00
# Visual Studio Version 17
VisualStudioVersion = 17.14.36408.4 d17.14
MinimumVisualStudioVersion = 10.0.40219.1
Project("{FAE04EC0-301F-11D3-BF4B-00C04F79EFBC}") = "GymApplication", "GymApplication\GymApplication.csproj", "{FF4200AE-8B94-4BD7-AA52-503CCD38B66F}"
EndProject
Global
	GlobalSection(SolutionConfigurationPlatforms) = preSolution
		Debug|Any CPU = Debug|Any CPU
		Release|Any CPU = Release|Any CPU
	EndGlobalSection
	GlobalSection(ProjectConfigurationPlatforms) = postSolution
		{FF4200AE-8B94-4BD7-AA52-503CCD38B66F}.Debug|Any CPU.ActiveCfg = Debug|Any CPU
		{FF4200AE-8B94-4BD7-AA52-503CCD38B66F}.Debug|Any CPU.Build.0 = Debug|Any CPU
		{FF4200AE-8B94-4BD7-AA52-503CCD38B66F}.Release|Any CPU.ActiveCfg = Release|Any CPU
		{FF4200AE-8B94-4BD7-AA52-503CCD38B66F}.Release|Any CPU.Build.0 = Release|Any CPU
	EndGlobalSection
	GlobalSection(SolutionProperties) = preSolution
		HideSolutionNode = FALSE
	EndGlobalSection
	GlobalSection(ExtensibilityGlobals) = postSolution
		SolutionGuid = {122A2041-BF25-431E-A1EB-8674274EFA4E}
	EndGlobalSection
EndGlobal
